{
  "pins" : [
    {
      "identity" : "ios-neumorphism",
      "kind" : "remoteSourceControl",
      "location" : "https://github.com/tarikyasar/ios-neumorphism",
      "state" : {
        "branch" : "main",
        "revision" : "00fc8f55c025cf684615301f2abada297e807788"
      }
    }
  ],
  "version" : 2
}
