// !$*UTF8*$!
{
	archiveVersion = 1;
	classes = {
	};
	objectVersion = 56;
	objects = {

/* Begin PBXBuildFile section */
		7122D9BF29095D520095B287 /* Localizable.strings in Resources */ = {isa = PBXBuildFile; fileRef = 7122D9C129095D520095B287 /* Localizable.strings */; };
		7153E71C2909660A007CF33A /* WeatherReportView.swift in Sources */ = {isa = PBXBuildFile; fileRef = 7153E71B2909660A007CF33A /* WeatherReportView.swift */; };
		7163A7A72902F01B00DE0FFA /* DeviceLocationService.swift in Sources */ = {isa = PBXBuildFile; fileRef = 7163A7A62902F01B00DE0FFA /* DeviceLocationService.swift */; };
		717B952D2901A889007C68A7 /* ios_weather_appApp.swift in Sources */ = {isa = PBXBuildFile; fileRef = 717B952C2901A889007C68A7 /* ios_weather_appApp.swift */; };
		717B952F2901A889007C68A7 /* ContentView.swift in Sources */ = {isa = PBXBuildFile; fileRef = 717B952E2901A889007C68A7 /* ContentView.swift */; };
		717B95312901A88A007C68A7 /* Assets.xcassets in Resources */ = {isa = PBXBuildFile; fileRef = 717B95302901A88A007C68A7 /* Assets.xcassets */; };
		717B95342901A88A007C68A7 /* Preview Assets.xcassets in Resources */ = {isa = PBXBuildFile; fileRef = 717B95332901A88A007C68A7 /* Preview Assets.xcassets */; };
		717B953B2901A95E007C68A7 /* ViewModel.swift in Sources */ = {isa = PBXBuildFile; fileRef = 717B953A2901A95E007C68A7 /* ViewModel.swift */; };
		717B953E2901ADE9007C68A7 /* HourlyUnits.swift in Sources */ = {isa = PBXBuildFile; fileRef = 717B953D2901ADE9007C68A7 /* HourlyUnits.swift */; };
		717B95402901ADF1007C68A7 /* HourlyReport.swift in Sources */ = {isa = PBXBuildFile; fileRef = 717B953F2901ADF1007C68A7 /* HourlyReport.swift */; };
		717B95422901ADF8007C68A7 /* WeatherReport.swift in Sources */ = {isa = PBXBuildFile; fileRef = 717B95412901ADF8007C68A7 /* WeatherReport.swift */; };
		717B95472901BB27007C68A7 /* HourlyWeatherReport.swift in Sources */ = {isa = PBXBuildFile; fileRef = 717B95462901BB27007C68A7 /* HourlyWeatherReport.swift */; };
		717B954A2901BD73007C68A7 /* ios-neumorphism in Frameworks */ = {isa = PBXBuildFile; productRef = 717B95492901BD73007C68A7 /* ios-neumorphism */; };
		717B954C2901BE29007C68A7 /* Color.swift in Sources */ = {isa = PBXBuildFile; fileRef = 717B954B2901BE29007C68A7 /* Color.swift */; };
		717B954F2901C124007C68A7 /* CurrentWeatherView.swift in Sources */ = {isa = PBXBuildFile; fileRef = 717B954E2901C124007C68A7 /* CurrentWeatherView.swift */; };
		717B95512901C12D007C68A7 /* HourlyWeatherReportView.swift in Sources */ = {isa = PBXBuildFile; fileRef = 717B95502901C12D007C68A7 /* HourlyWeatherReportView.swift */; };
		71867FCF290D2B5100FCE23E /* WeatherManager.swift in Sources */ = {isa = PBXBuildFile; fileRef = 71867FCE290D2B5100FCE23E /* WeatherManager.swift */; };
		71D0EA9E290AF65A00205EE6 /* SettingsButton.swift in Sources */ = {isa = PBXBuildFile; fileRef = 71D0EA9D290AF65A00205EE6 /* SettingsButton.swift */; };
		71D0EAA2290AFCB500205EE6 /* TemperatureUnit.swift in Sources */ = {isa = PBXBuildFile; fileRef = 71D0EAA1290AFCB500205EE6 /* TemperatureUnit.swift */; };
		71D0EAA4290B0ADC00205EE6 /* Helpers.swift in Sources */ = {isa = PBXBuildFile; fileRef = 71D0EAA3290B0ADC00205EE6 /* Helpers.swift */; };
		71D0EAA6290B0CAE00205EE6 /* SettingsSheetView.swift in Sources */ = {isa = PBXBuildFile; fileRef = 71D0EAA5290B0CAE00205EE6 /* SettingsSheetView.swift */; };
/* End PBXBuildFile section */

/* Begin PBXFileReference section */
		7122D9C029095D520095B287 /* tr */ = {isa = PBXFileReference; lastKnownFileType = text.plist.strings; name = tr; path = tr.lproj/Localizable.strings; sourceTree = "<group>"; };
		7153E71B2909660A007CF33A /* WeatherReportView.swift */ = {isa = PBXFileReference; lastKnownFileType = sourcecode.swift; path = WeatherReportView.swift; sourceTree = "<group>"; };
		7163A7A62902F01B00DE0FFA /* DeviceLocationService.swift */ = {isa = PBXFileReference; lastKnownFileType = sourcecode.swift; path = DeviceLocationService.swift; sourceTree = "<group>"; };
		7163A7A82902F1A400DE0FFA /* Info.plist */ = {isa = PBXFileReference; lastKnownFileType = text.plist; path = Info.plist; sourceTree = "<group>"; };
		717B95292901A889007C68A7 /* ios-weather-app.app */ = {isa = PBXFileReference; explicitFileType = wrapper.application; includeInIndex = 0; path = "ios-weather-app.app"; sourceTree = BUILT_PRODUCTS_DIR; };
		717B952C2901A889007C68A7 /* ios_weather_appApp.swift */ = {isa = PBXFileReference; lastKnownFileType = sourcecode.swift; path = ios_weather_appApp.swift; sourceTree = "<group>"; };
		717B952E2901A889007C68A7 /* ContentView.swift */ = {isa = PBXFileReference; lastKnownFileType = sourcecode.swift; path = ContentView.swift; sourceTree = "<group>"; };
		717B95302901A88A007C68A7 /* Assets.xcassets */ = {isa = PBXFileReference; lastKnownFileType = folder.assetcatalog; path = Assets.xcassets; sourceTree = "<group>"; };
		717B95332901A88A007C68A7 /* Preview Assets.xcassets */ = {isa = PBXFileReference; lastKnownFileType = folder.assetcatalog; path = "Preview Assets.xcassets"; sourceTree = "<group>"; };
		717B953A2901A95E007C68A7 /* ViewModel.swift */ = {isa = PBXFileReference; lastKnownFileType = sourcecode.swift; path = ViewModel.swift; sourceTree = "<group>"; };
		717B953D2901ADE9007C68A7 /* HourlyUnits.swift */ = {isa = PBXFileReference; lastKnownFileType = sourcecode.swift; path = HourlyUnits.swift; sourceTree = "<group>"; };
		717B953F2901ADF1007C68A7 /* HourlyReport.swift */ = {isa = PBXFileReference; lastKnownFileType = sourcecode.swift; path = HourlyReport.swift; sourceTree = "<group>"; };
		717B95412901ADF8007C68A7 /* WeatherReport.swift */ = {isa = PBXFileReference; lastKnownFileType = sourcecode.swift; path = WeatherReport.swift; sourceTree = "<group>"; };
		717B95462901BB27007C68A7 /* HourlyWeatherReport.swift */ = {isa = PBXFileReference; lastKnownFileType = sourcecode.swift; path = HourlyWeatherReport.swift; sourceTree = "<group>"; };
		717B954B2901BE29007C68A7 /* Color.swift */ = {isa = PBXFileReference; lastKnownFileType = sourcecode.swift; path = Color.swift; sourceTree = "<group>"; };
		717B954E2901C124007C68A7 /* CurrentWeatherView.swift */ = {isa = PBXFileReference; lastKnownFileType = sourcecode.swift; path = CurrentWeatherView.swift; sourceTree = "<group>"; };
		717B95502901C12D007C68A7 /* HourlyWeatherReportView.swift */ = {isa = PBXFileReference; lastKnownFileType = sourcecode.swift; path = HourlyWeatherReportView.swift; sourceTree = "<group>"; };
		71867FCE290D2B5100FCE23E /* WeatherManager.swift */ = {isa = PBXFileReference; lastKnownFileType = sourcecode.swift; path = WeatherManager.swift; sourceTree = "<group>"; };
		71946B76290986AC00EF0BE3 /* PrivacyPolicy.md */ = {isa = PBXFileReference; lastKnownFileType = net.daringfireball.markdown; path = PrivacyPolicy.md; sourceTree = "<group>"; };
		71D0EA9D290AF65A00205EE6 /* SettingsButton.swift */ = {isa = PBXFileReference; lastKnownFileType = sourcecode.swift; path = SettingsButton.swift; sourceTree = "<group>"; };
		71D0EAA1290AFCB500205EE6 /* TemperatureUnit.swift */ = {isa = PBXFileReference; lastKnownFileType = sourcecode.swift; path = TemperatureUnit.swift; sourceTree = "<group>"; };
		71D0EAA3290B0ADC00205EE6 /* Helpers.swift */ = {isa = PBXFileReference; lastKnownFileType = sourcecode.swift; path = Helpers.swift; sourceTree = "<group>"; };
		71D0EAA5290B0CAE00205EE6 /* SettingsSheetView.swift */ = {isa = PBXFileReference; lastKnownFileType = sourcecode.swift; path = SettingsSheetView.swift; sourceTree = "<group>"; };
/* End PBXFileReference section */

/* Begin PBXFrameworksBuildPhase section */
		717B95262901A889007C68A7 /* Frameworks */ = {
			isa = PBXFrameworksBuildPhase;
			buildActionMask = 2147483647;
			files = (
				717B954A2901BD73007C68A7 /* ios-neumorphism in Frameworks */,
			);
			runOnlyForDeploymentPostprocessing = 0;
		};
/* End PBXFrameworksBuildPhase section */

/* Begin PBXGroup section */
		717B95202901A889007C68A7 = {
			isa = PBXGroup;
			children = (
				717B952B2901A889007C68A7 /* ios-weather-app */,
				717B952A2901A889007C68A7 /* Products */,
			);
			sourceTree = "<group>";
		};
		717B952A2901A889007C68A7 /* Products */ = {
			isa = PBXGroup;
			children = (
				717B95292901A889007C68A7 /* ios-weather-app.app */,
			);
			name = Products;
			sourceTree = "<group>";
		};
		717B952B2901A889007C68A7 /* ios-weather-app */ = {
			isa = PBXGroup;
			children = (
				7163A7A82902F1A400DE0FFA /* Info.plist */,
				717B95432901B5EA007C68A7 /* Helpers */,
				71867FCD290D2B4400FCE23E /* Managers */,
				71867FCC290D2A3B00FCE23E /* ViewModels */,
				717B954D2901C113007C68A7 /* Views */,
				717B953C2901ADDE007C68A7 /* Model */,
				717B952C2901A889007C68A7 /* ios_weather_appApp.swift */,
				71946B76290986AC00EF0BE3 /* PrivacyPolicy.md */,
				717B95302901A88A007C68A7 /* Assets.xcassets */,
				717B95322901A88A007C68A7 /* Preview Content */,
				7122D9C129095D520095B287 /* Localizable.strings */,
			);
			path = "ios-weather-app";
			sourceTree = "<group>";
		};
		717B95322901A88A007C68A7 /* Preview Content */ = {
			isa = PBXGroup;
			children = (
				717B95332901A88A007C68A7 /* Preview Assets.xcassets */,
			);
			path = "Preview Content";
			sourceTree = "<group>";
		};
		717B953C2901ADDE007C68A7 /* Model */ = {
			isa = PBXGroup;
			children = (
				717B953D2901ADE9007C68A7 /* HourlyUnits.swift */,
				717B953F2901ADF1007C68A7 /* HourlyReport.swift */,
				717B95412901ADF8007C68A7 /* WeatherReport.swift */,
				717B95462901BB27007C68A7 /* HourlyWeatherReport.swift */,
				71D0EAA1290AFCB500205EE6 /* TemperatureUnit.swift */,
			);
			path = Model;
			sourceTree = "<group>";
		};
		717B95432901B5EA007C68A7 /* Helpers */ = {
			isa = PBXGroup;
			children = (
				717B954B2901BE29007C68A7 /* Color.swift */,
				7163A7A62902F01B00DE0FFA /* DeviceLocationService.swift */,
				71D0EAA3290B0ADC00205EE6 /* Helpers.swift */,
			);
			path = Helpers;
			sourceTree = "<group>";
		};
		717B954D2901C113007C68A7 /* Views */ = {
			isa = PBXGroup;
			children = (
				71D0EAA0290AF71500205EE6 /* WeatherViews */,
				71D0EA9F290AF71200205EE6 /* Buttons */,
				717B952E2901A889007C68A7 /* ContentView.swift */,
				7153E71B2909660A007CF33A /* WeatherReportView.swift */,
				71D0EAA5290B0CAE00205EE6 /* SettingsSheetView.swift */,
			);
			path = Views;
			sourceTree = "<group>";
		};
		71867FCC290D2A3B00FCE23E /* ViewModels */ = {
			isa = PBXGroup;
			children = (
				717B953A2901A95E007C68A7 /* ViewModel.swift */,
			);
			path = ViewModels;
			sourceTree = "<group>";
		};
		71867FCD290D2B4400FCE23E /* Managers */ = {
			isa = PBXGroup;
			children = (
				71867FCE290D2B5100FCE23E /* WeatherManager.swift */,
			);
			path = Managers;
			sourceTree = "<group>";
		};
		71D0EA9F290AF71200205EE6 /* Buttons */ = {
			isa = PBXGroup;
			children = (
				71D0EA9D290AF65A00205EE6 /* SettingsButton.swift */,
			);
			path = Buttons;
			sourceTree = "<group>";
		};
		71D0EAA0290AF71500205EE6 /* WeatherViews */ = {
			isa = PBXGroup;
			children = (
				717B954E2901C124007C68A7 /* CurrentWeatherView.swift */,
				717B95502901C12D007C68A7 /* HourlyWeatherReportView.swift */,
			);
			path = WeatherViews;
			sourceTree = "<group>";
		};
/* End PBXGroup section */

/* Begin PBXNativeTarget section */
		717B95282901A889007C68A7 /* ios-weather-app */ = {
			isa = PBXNativeTarget;
			buildConfigurationList = 717B95372901A88A007C68A7 /* Build configuration list for PBXNativeTarget "ios-weather-app" */;
			buildPhases = (
				717B95252901A889007C68A7 /* Sources */,
				717B95262901A889007C68A7 /* Frameworks */,
				717B95272901A889007C68A7 /* Resources */,
			);
			buildRules = (
			);
			dependencies = (
			);
			name = "ios-weather-app";
			packageProductDependencies = (
				717B95492901BD73007C68A7 /* ios-neumorphism */,
			);
			productName = "ios-weather-app";
			productReference = 717B95292901A889007C68A7 /* ios-weather-app.app */;
			productType = "com.apple.product-type.application";
		};
/* End PBXNativeTarget section */

/* Begin PBXProject section */
		717B95212901A889007C68A7 /* Project object */ = {
			isa = PBXProject;
			attributes = {
				BuildIndependentTargetsInParallel = 1;
				LastSwiftUpdateCheck = 1400;
				LastUpgradeCheck = 1400;
				TargetAttributes = {
					717B95282901A889007C68A7 = {
						CreatedOnToolsVersion = 14.0.1;
					};
				};
			};
			buildConfigurationList = 717B95242901A889007C68A7 /* Build configuration list for PBXProject "ios-weather-app" */;
			compatibilityVersion = "Xcode 14.0";
			developmentRegion = en;
			hasScannedForEncodings = 0;
			knownRegions = (
				en,
				tr,
				Base,
			);
			mainGroup = 717B95202901A889007C68A7;
			packageReferences = (
				717B95482901BD73007C68A7 /* XCRemoteSwiftPackageReference "ios-neumorphism" */,
			);
			productRefGroup = 717B952A2901A889007C68A7 /* Products */;
			projectDirPath = "";
			projectRoot = "";
			targets = (
				717B95282901A889007C68A7 /* ios-weather-app */,
			);
		};
/* End PBXProject section */

/* Begin PBXResourcesBuildPhase section */
		717B95272901A889007C68A7 /* Resources */ = {
			isa = PBXResourcesBuildPhase;
			buildActionMask = 2147483647;
			files = (
				717B95342901A88A007C68A7 /* Preview Assets.xcassets in Resources */,
				7122D9BF29095D520095B287 /* Localizable.strings in Resources */,
				717B95312901A88A007C68A7 /* Assets.xcassets in Resources */,
			);
			runOnlyForDeploymentPostprocessing = 0;
		};
/* End PBXResourcesBuildPhase section */

/* Begin PBXSourcesBuildPhase section */
		717B95252901A889007C68A7 /* Sources */ = {
			isa = PBXSourcesBuildPhase;
			buildActionMask = 2147483647;
			files = (
				717B954C2901BE29007C68A7 /* Color.swift in Sources */,
				7153E71C2909660A007CF33A /* WeatherReportView.swift in Sources */,
				71867FCF290D2B5100FCE23E /* WeatherManager.swift in Sources */,
				717B95422901ADF8007C68A7 /* WeatherReport.swift in Sources */,
				71D0EAA4290B0ADC00205EE6 /* Helpers.swift in Sources */,
				717B95402901ADF1007C68A7 /* HourlyReport.swift in Sources */,
				717B95512901C12D007C68A7 /* HourlyWeatherReportView.swift in Sources */,
				71D0EA9E290AF65A00205EE6 /* SettingsButton.swift in Sources */,
				71D0EAA6290B0CAE00205EE6 /* SettingsSheetView.swift in Sources */,
				71D0EAA2290AFCB500205EE6 /* TemperatureUnit.swift in Sources */,
				717B954F2901C124007C68A7 /* CurrentWeatherView.swift in Sources */,
				717B952F2901A889007C68A7 /* ContentView.swift in Sources */,
				717B95472901BB27007C68A7 /* HourlyWeatherReport.swift in Sources */,
				717B953B2901A95E007C68A7 /* ViewModel.swift in Sources */,
				7163A7A72902F01B00DE0FFA /* DeviceLocationService.swift in Sources */,
				717B953E2901ADE9007C68A7 /* HourlyUnits.swift in Sources */,
				717B952D2901A889007C68A7 /* ios_weather_appApp.swift in Sources */,
			);
			runOnlyForDeploymentPostprocessing = 0;
		};
/* End PBXSourcesBuildPhase section */

/* Begin PBXVariantGroup section */
		7122D9C129095D520095B287 /* Localizable.strings */ = {
			isa = PBXVariantGroup;
			children = (
				7122D9C029095D520095B287 /* tr */,
			);
			name = Localizable.strings;
			sourceTree = "<group>";
		};
/* End PBXVariantGroup section */

/* Begin XCBuildConfiguration section */
		717B95352901A88A007C68A7 /* Debug */ = {
			isa = XCBuildConfiguration;
			buildSettings = {
				ALWAYS_SEARCH_USER_PATHS = NO;
				CLANG_ANALYZER_NONNULL = YES;
				CLANG_ANALYZER_NUMBER_OBJECT_CONVERSION = YES_AGGRESSIVE;
				CLANG_CXX_LANGUAGE_STANDARD = "gnu++20";
				CLANG_ENABLE_MODULES = YES;
				CLANG_ENABLE_OBJC_ARC = YES;
				CLANG_ENABLE_OBJC_WEAK = YES;
				CLANG_WARN_BLOCK_CAPTURE_AUTORELEASING = YES;
				CLANG_WARN_BOOL_CONVERSION = YES;
				CLANG_WARN_COMMA = YES;
				CLANG_WARN_CONSTANT_CONVERSION = YES;
				CLANG_WARN_DEPRECATED_OBJC_IMPLEMENTATIONS = YES;
				CLANG_WARN_DIRECT_OBJC_ISA_USAGE = YES_ERROR;
				CLANG_WARN_DOCUMENTATION_COMMENTS = YES;
				CLANG_WARN_EMPTY_BODY = YES;
				CLANG_WARN_ENUM_CONVERSION = YES;
				CLANG_WARN_INFINITE_RECURSION = YES;
				CLANG_WARN_INT_CONVERSION = YES;
				CLANG_WARN_NON_LITERAL_NULL_CONVERSION = YES;
				CLANG_WARN_OBJC_IMPLICIT_RETAIN_SELF = YES;
				CLANG_WARN_OBJC_LITERAL_CONVERSION = YES;
				CLANG_WARN_OBJC_ROOT_CLASS = YES_ERROR;
				CLANG_WARN_QUOTED_INCLUDE_IN_FRAMEWORK_HEADER = YES;
				CLANG_WARN_RANGE_LOOP_ANALYSIS = YES;
				CLANG_WARN_STRICT_PROTOTYPES = YES;
				CLANG_WARN_SUSPICIOUS_MOVE = YES;
				CLANG_WARN_UNGUARDED_AVAILABILITY = YES_AGGRESSIVE;
				CLANG_WARN_UNREACHABLE_CODE = YES;
				CLANG_WARN__DUPLICATE_METHOD_MATCH = YES;
				COPY_PHASE_STRIP = NO;
				DEBUG_INFORMATION_FORMAT = dwarf;
				ENABLE_STRICT_OBJC_MSGSEND = YES;
				ENABLE_TESTABILITY = YES;
				GCC_C_LANGUAGE_STANDARD = gnu11;
				GCC_DYNAMIC_NO_PIC = NO;
				GCC_NO_COMMON_BLOCKS = YES;
				GCC_OPTIMIZATION_LEVEL = 0;
				GCC_PREPROCESSOR_DEFINITIONS = (
					"DEBUG=1",
					"$(inherited)",
				);
				GCC_WARN_64_TO_32_BIT_CONVERSION = YES;
				GCC_WARN_ABOUT_RETURN_TYPE = YES_ERROR;
				GCC_WARN_UNDECLARED_SELECTOR = YES;
				GCC_WARN_UNINITIALIZED_AUTOS = YES_AGGRESSIVE;
				GCC_WARN_UNUSED_FUNCTION = YES;
				GCC_WARN_UNUSED_VARIABLE = YES;
				IPHONEOS_DEPLOYMENT_TARGET = 16.0;
				MTL_ENABLE_DEBUG_INFO = INCLUDE_SOURCE;
				MTL_FAST_MATH = YES;
				ONLY_ACTIVE_ARCH = YES;
				SDKROOT = iphoneos;
				SWIFT_ACTIVE_COMPILATION_CONDITIONS = DEBUG;
				SWIFT_OPTIMIZATION_LEVEL = "-Onone";
			};
			name = Debug;
		};
		717B95362901A88A007C68A7 /* Release */ = {
			isa = XCBuildConfiguration;
			buildSettings = {
				ALWAYS_SEARCH_USER_PATHS = NO;
				CLANG_ANALYZER_NONNULL = YES;
				CLANG_ANALYZER_NUMBER_OBJECT_CONVERSION = YES_AGGRESSIVE;
				CLANG_CXX_LANGUAGE_STANDARD = "gnu++20";
				CLANG_ENABLE_MODULES = YES;
				CLANG_ENABLE_OBJC_ARC = YES;
				CLANG_ENABLE_OBJC_WEAK = YES;
				CLANG_WARN_BLOCK_CAPTURE_AUTORELEASING = YES;
				CLANG_WARN_BOOL_CONVERSION = YES;
				CLANG_WARN_COMMA = YES;
				CLANG_WARN_CONSTANT_CONVERSION = YES;
				CLANG_WARN_DEPRECATED_OBJC_IMPLEMENTATIONS = YES;
				CLANG_WARN_DIRECT_OBJC_ISA_USAGE = YES_ERROR;
				CLANG_WARN_DOCUMENTATION_COMMENTS = YES;
				CLANG_WARN_EMPTY_BODY = YES;
				CLANG_WARN_ENUM_CONVERSION = YES;
				CLANG_WARN_INFINITE_RECURSION = YES;
				CLANG_WARN_INT_CONVERSION = YES;
				CLANG_WARN_NON_LITERAL_NULL_CONVERSION = YES;
				CLANG_WARN_OBJC_IMPLICIT_RETAIN_SELF = YES;
				CLANG_WARN_OBJC_LITERAL_CONVERSION = YES;
				CLANG_WARN_OBJC_ROOT_CLASS = YES_ERROR;
				CLANG_WARN_QUOTED_INCLUDE_IN_FRAMEWORK_HEADER = YES;
				CLANG_WARN_RANGE_LOOP_ANALYSIS = YES;
				CLANG_WARN_STRICT_PROTOTYPES = YES;
				CLANG_WARN_SUSPICIOUS_MOVE = YES;
				CLANG_WARN_UNGUARDED_AVAILABILITY = YES_AGGRESSIVE;
				CLANG_WARN_UNREACHABLE_CODE = YES;
				CLANG_WARN__DUPLICATE_METHOD_MATCH = YES;
				COPY_PHASE_STRIP = NO;
				DEBUG_INFORMATION_FORMAT = "dwarf-with-dsym";
				ENABLE_NS_ASSERTIONS = NO;
				ENABLE_STRICT_OBJC_MSGSEND = YES;
				GCC_C_LANGUAGE_STANDARD = gnu11;
				GCC_NO_COMMON_BLOCKS = YES;
				GCC_WARN_64_TO_32_BIT_CONVERSION = YES;
				GCC_WARN_ABOUT_RETURN_TYPE = YES_ERROR;
				GCC_WARN_UNDECLARED_SELECTOR = YES;
				GCC_WARN_UNINITIALIZED_AUTOS = YES_AGGRESSIVE;
				GCC_WARN_UNUSED_FUNCTION = YES;
				GCC_WARN_UNUSED_VARIABLE = YES;
				IPHONEOS_DEPLOYMENT_TARGET = 16.0;
				MTL_ENABLE_DEBUG_INFO = NO;
				MTL_FAST_MATH = YES;
				SDKROOT = iphoneos;
				SWIFT_COMPILATION_MODE = wholemodule;
				SWIFT_OPTIMIZATION_LEVEL = "-O";
				VALIDATE_PRODUCT = YES;
			};
			name = Release;
		};
		717B95382901A88A007C68A7 /* Debug */ = {
			isa = XCBuildConfiguration;
			buildSettings = {
				ASSETCATALOG_COMPILER_APPICON_NAME = AppIcon;
				ASSETCATALOG_COMPILER_GLOBAL_ACCENT_COLOR_NAME = AccentColor;
				CODE_SIGN_STYLE = Automatic;
				CURRENT_PROJECT_VERSION = 1;
				DEVELOPMENT_ASSET_PATHS = "\"ios-weather-app/Preview Content\"";
				DEVELOPMENT_TEAM = 9B5UBU5CRL;
				ENABLE_PREVIEWS = YES;
				GENERATE_INFOPLIST_FILE = YES;
				INFOPLIST_FILE = "ios-weather-app/Info.plist";
				INFOPLIST_KEY_CFBundleDisplayName = Hava;
				INFOPLIST_KEY_LSApplicationCategoryType = "public.app-category.weather";
				INFOPLIST_KEY_NSLocationWhenInUseUsageDescription = "This app needs your location to function";
				INFOPLIST_KEY_UIApplicationSceneManifest_Generation = YES;
				INFOPLIST_KEY_UIApplicationSupportsIndirectInputEvents = YES;
				INFOPLIST_KEY_UILaunchScreen_Generation = YES;
				INFOPLIST_KEY_UIStatusBarStyle = UIStatusBarStyleLightContent;
				INFOPLIST_KEY_UISupportedInterfaceOrientations = UIInterfaceOrientationPortrait;
				INFOPLIST_KEY_UISupportedInterfaceOrientations_iPad = "UIInterfaceOrientationLandscapeLeft UIInterfaceOrientationLandscapeRight UIInterfaceOrientationPortrait";
				LD_RUNPATH_SEARCH_PATHS = (
					"$(inherited)",
					"@executable_path/Frameworks",
				);
				MACOSX_DEPLOYMENT_TARGET = 12.3;
				MARKETING_VERSION = 1.0;
				PRODUCT_BUNDLE_IDENTIFIER = "com.tarikyasar.ios-weather-app";
				PRODUCT_NAME = "$(TARGET_NAME)";
				SUPPORTED_PLATFORMS = "iphoneos iphonesimulator";
				SUPPORTS_MACCATALYST = NO;
				SUPPORTS_MAC_DESIGNED_FOR_IPHONE_IPAD = NO;
				SWIFT_EMIT_LOC_STRINGS = YES;
				SWIFT_VERSION = 5.0;
				TARGETED_DEVICE_FAMILY = 1;
			};
			name = Debug;
		};
		717B95392901A88A007C68A7 /* Release */ = {
			isa = XCBuildConfiguration;
			buildSettings = {
				ASSETCATALOG_COMPILER_APPICON_NAME = AppIcon;
				ASSETCATALOG_COMPILER_GLOBAL_ACCENT_COLOR_NAME = AccentColor;
				CODE_SIGN_STYLE = Automatic;
				CURRENT_PROJECT_VERSION = 1;
				DEVELOPMENT_ASSET_PATHS = "\"ios-weather-app/Preview Content\"";
				DEVELOPMENT_TEAM = 9B5UBU5CRL;
				ENABLE_PREVIEWS = YES;
				GENERATE_INFOPLIST_FILE = YES;
				INFOPLIST_FILE = "ios-weather-app/Info.plist";
				INFOPLIST_KEY_CFBundleDisplayName = Hava;
				INFOPLIST_KEY_LSApplicationCategoryType = "public.app-category.weather";
				INFOPLIST_KEY_NSLocationWhenInUseUsageDescription = "This app needs your location to function";
				INFOPLIST_KEY_UIApplicationSceneManifest_Generation = YES;
				INFOPLIST_KEY_UIApplicationSupportsIndirectInputEvents = YES;
				INFOPLIST_KEY_UILaunchScreen_Generation = YES;
				INFOPLIST_KEY_UIStatusBarStyle = UIStatusBarStyleLightContent;
				INFOPLIST_KEY_UISupportedInterfaceOrientations = UIInterfaceOrientationPortrait;
				INFOPLIST_KEY_UISupportedInterfaceOrientations_iPad = "UIInterfaceOrientationLandscapeLeft UIInterfaceOrientationLandscapeRight UIInterfaceOrientationPortrait";
				LD_RUNPATH_SEARCH_PATHS = (
					"$(inherited)",
					"@executable_path/Frameworks",
				);
				MACOSX_DEPLOYMENT_TARGET = 12.3;
				MARKETING_VERSION = 1.0;
				PRODUCT_BUNDLE_IDENTIFIER = "com.tarikyasar.ios-weather-app";
				PRODUCT_NAME = "$(TARGET_NAME)";
				SUPPORTED_PLATFORMS = "iphoneos iphonesimulator";
				SUPPORTS_MACCATALYST = NO;
				SUPPORTS_MAC_DESIGNED_FOR_IPHONE_IPAD = NO;
				SWIFT_EMIT_LOC_STRINGS = YES;
				SWIFT_VERSION = 5.0;
				TARGETED_DEVICE_FAMILY = 1;
			};
			name = Release;
		};
/* End XCBuildConfiguration section */

/* Begin XCConfigurationList section */
		717B95242901A889007C68A7 /* Build configuration list for PBXProject "ios-weather-app" */ = {
			isa = XCConfigurationList;
			buildConfigurations = (
				717B95352901A88A007C68A7 /* Debug */,
				717B95362901A88A007C68A7 /* Release */,
			);
			defaultConfigurationIsVisible = 0;
			defaultConfigurationName = Release;
		};
		717B95372901A88A007C68A7 /* Build configuration list for PBXNativeTarget "ios-weather-app" */ = {
			isa = XCConfigurationList;
			buildConfigurations = (
				717B95382901A88A007C68A7 /* Debug */,
				717B95392901A88A007C68A7 /* Release */,
			);
			defaultConfigurationIsVisible = 0;
			defaultConfigurationName = Release;
		};
/* End XCConfigurationList section */

/* Begin XCRemoteSwiftPackageReference section */
		717B95482901BD73007C68A7 /* XCRemoteSwiftPackageReference "ios-neumorphism" */ = {
			isa = XCRemoteSwiftPackageReference;
			repositoryURL = "https://github.com/tarikyasar/ios-neumorphism";
			requirement = {
				branch = main;
				kind = branch;
			};
		};
/* End XCRemoteSwiftPackageReference section */

/* Begin XCSwiftPackageProductDependency section */
		717B95492901BD73007C68A7 /* ios-neumorphism */ = {
			isa = XCSwiftPackageProductDependency;
			package = 717B95482901BD73007C68A7 /* XCRemoteSwiftPackageReference "ios-neumorphism" */;
			productName = "ios-neumorphism";
		};
/* End XCSwiftPackageProductDependency section */
	};
	rootObject = 717B95212901A889007C68A7 /* Project object */;
}
